// !$*UTF8*$!
{
	archiveVersion = 1;
	classes = {
	};
	objectVersion = 55;
	objects = {

/* Begin PBXBuildFile section */
		BE15A0312913C260004AE5B5 /* AppDelegate.swift in Sources */ = {isa = PBXBuildFile; fileRef = BE15A0302913C260004AE5B5 /* AppDelegate.swift */; };
		BE15A0332913C260004AE5B5 /* SceneDelegate.swift in Sources */ = {isa = PBXBuildFile; fileRef = BE15A0322913C260004AE5B5 /* SceneDelegate.swift */; };
		BE15A0352913C260004AE5B5 /* CharactersViewController.swift in Sources */ = {isa = PBXBuildFile; fileRef = BE15A0342913C260004AE5B5 /* CharactersViewController.swift */; };
		BE15A03A2913C26C004AE5B5 /* Assets.xcassets in Resources */ = {isa = PBXBuildFile; fileRef = BE15A0392913C26C004AE5B5 /* Assets.xcassets */; };
		BE15A04F2914E8F6004AE5B5 /* CharactersPresenter.swift in Sources */ = {isa = PBXBuildFile; fileRef = BE15A04E2914E8F6004AE5B5 /* CharactersPresenter.swift */; };
		BE15A0532914E988004AE5B5 /* CharactersModel.swift in Sources */ = {isa = PBXBuildFile; fileRef = BE15A0522914E988004AE5B5 /* CharactersModel.swift */; };
		BE15A0552914E9B0004AE5B5 /* CharactersTableViewCell.swift in Sources */ = {isa = PBXBuildFile; fileRef = BE15A0542914E9B0004AE5B5 /* CharactersTableViewCell.swift */; };
		BE15A0582914E9C9004AE5B5 /* CharactersView.swift in Sources */ = {isa = PBXBuildFile; fileRef = BE15A0572914E9C9004AE5B5 /* CharactersView.swift */; };
		BE15A05C2914EB41004AE5B5 /* ModuleBuilder.swift in Sources */ = {isa = PBXBuildFile; fileRef = BE15A05B2914EB41004AE5B5 /* ModuleBuilder.swift */; };
		BE15A0602914F57C004AE5B5 /* SnapKit in Frameworks */ = {isa = PBXBuildFile; productRef = BE15A05F2914F57C004AE5B5 /* SnapKit */; };
		BE15A062291644CE004AE5B5 /* NetworkService.swift in Sources */ = {isa = PBXBuildFile; fileRef = BE15A061291644CE004AE5B5 /* NetworkService.swift */; };
		BE15A06429164A0B004AE5B5 /* String + MD5.swift in Sources */ = {isa = PBXBuildFile; fileRef = BE15A06329164A0B004AE5B5 /* String + MD5.swift */; };
		BE15A06729179BF6004AE5B5 /* EnumForState.swift in Sources */ = {isa = PBXBuildFile; fileRef = BE15A06629179BF5004AE5B5 /* EnumForState.swift */; };
		BE15A06B2917D0CF004AE5B5 /* ApiKeys.swift in Sources */ = {isa = PBXBuildFile; fileRef = BE15A06A2917D0CF004AE5B5 /* ApiKeys.swift */; };
		BE15A06D2917D175004AE5B5 /* URLConfiguration.swift in Sources */ = {isa = PBXBuildFile; fileRef = BE15A06C2917D175004AE5B5 /* URLConfiguration.swift */; };
		BE15A06F2917D41E004AE5B5 /* EnumForImage.swift in Sources */ = {isa = PBXBuildFile; fileRef = BE15A06E2917D41E004AE5B5 /* EnumForImage.swift */; };
/* End PBXBuildFile section */

/* Begin PBXFileReference section */
		BE15A02D2913C260004AE5B5 /* HW21 - Marvel.app */ = {isa = PBXFileReference; explicitFileType = wrapper.application; includeInIndex = 0; path = "HW21 - Marvel.app"; sourceTree = BUILT_PRODUCTS_DIR; };
		BE15A0302913C260004AE5B5 /* AppDelegate.swift */ = {isa = PBXFileReference; lastKnownFileType = sourcecode.swift; path = AppDelegate.swift; sourceTree = "<group>"; };
		BE15A0322913C260004AE5B5 /* SceneDelegate.swift */ = {isa = PBXFileReference; lastKnownFileType = sourcecode.swift; path = SceneDelegate.swift; sourceTree = "<group>"; };
		BE15A0342913C260004AE5B5 /* CharactersViewController.swift */ = {isa = PBXFileReference; lastKnownFileType = sourcecode.swift; path = CharactersViewController.swift; sourceTree = "<group>"; };
		BE15A0392913C26C004AE5B5 /* Assets.xcassets */ = {isa = PBXFileReference; lastKnownFileType = folder.assetcatalog; path = Assets.xcassets; sourceTree = "<group>"; };
		BE15A03E2913C26C004AE5B5 /* Info.plist */ = {isa = PBXFileReference; lastKnownFileType = text.plist.xml; path = Info.plist; sourceTree = "<group>"; };
		BE15A04E2914E8F6004AE5B5 /* CharactersPresenter.swift */ = {isa = PBXFileReference; lastKnownFileType = sourcecode.swift; path = CharactersPresenter.swift; sourceTree = "<group>"; };
		BE15A0522914E988004AE5B5 /* CharactersModel.swift */ = {isa = PBXFileReference; lastKnownFileType = sourcecode.swift; path = CharactersModel.swift; sourceTree = "<group>"; };
		BE15A0542914E9B0004AE5B5 /* CharactersTableViewCell.swift */ = {isa = PBXFileReference; lastKnownFileType = sourcecode.swift; path = CharactersTableViewCell.swift; sourceTree = "<group>"; };
		BE15A0572914E9C9004AE5B5 /* CharactersView.swift */ = {isa = PBXFileReference; lastKnownFileType = sourcecode.swift; path = CharactersView.swift; sourceTree = "<group>"; };
		BE15A05B2914EB41004AE5B5 /* ModuleBuilder.swift */ = {isa = PBXFileReference; lastKnownFileType = sourcecode.swift; path = ModuleBuilder.swift; sourceTree = "<group>"; };
		BE15A061291644CE004AE5B5 /* NetworkService.swift */ = {isa = PBXFileReference; lastKnownFileType = sourcecode.swift; path = NetworkService.swift; sourceTree = "<group>"; };
		BE15A06329164A0B004AE5B5 /* String + MD5.swift */ = {isa = PBXFileReference; lastKnownFileType = sourcecode.swift; path = "String + MD5.swift"; sourceTree = "<group>"; };
		BE15A06629179BF5004AE5B5 /* EnumForState.swift */ = {isa = PBXFileReference; lastKnownFileType = sourcecode.swift; path = EnumForState.swift; sourceTree = "<group>"; };
		BE15A06A2917D0CF004AE5B5 /* ApiKeys.swift */ = {isa = PBXFileReference; lastKnownFileType = sourcecode.swift; path = ApiKeys.swift; sourceTree = "<group>"; };
		BE15A06C2917D175004AE5B5 /* URLConfiguration.swift */ = {isa = PBXFileReference; lastKnownFileType = sourcecode.swift; path = URLConfiguration.swift; sourceTree = "<group>"; };
		BE15A06E2917D41E004AE5B5 /* EnumForImage.swift */ = {isa = PBXFileReference; lastKnownFileType = sourcecode.swift; path = EnumForImage.swift; sourceTree = "<group>"; };
/* End PBXFileReference section */

/* Begin PBXFrameworksBuildPhase section */
		BE15A02A2913C260004AE5B5 /* Frameworks */ = {
			isa = PBXFrameworksBuildPhase;
			buildActionMask = 2147483647;
			files = (
				BE15A0602914F57C004AE5B5 /* SnapKit in Frameworks */,
			);
			runOnlyForDeploymentPostprocessing = 0;
		};
/* End PBXFrameworksBuildPhase section */

/* Begin PBXGroup section */
		BE15A0242913C260004AE5B5 = {
			isa = PBXGroup;
			children = (
				BE15A02F2913C260004AE5B5 /* HW21 - Marvel */,
				BE15A02E2913C260004AE5B5 /* Products */,
			);
			sourceTree = "<group>";
		};
		BE15A02E2913C260004AE5B5 /* Products */ = {
			isa = PBXGroup;
			children = (
				BE15A02D2913C260004AE5B5 /* HW21 - Marvel.app */,
			);
			name = Products;
			sourceTree = "<group>";
		};
		BE15A02F2913C260004AE5B5 /* HW21 - Marvel */ = {
			isa = PBXGroup;
			children = (
				BE15A0452913C414004AE5B5 /* Sources */,
				BE15A0462913C427004AE5B5 /* Resources */,
			);
			path = "HW21 - Marvel";
			sourceTree = "<group>";
		};
		BE15A0442913C407004AE5B5 /* APP */ = {
			isa = PBXGroup;
			children = (
				BE15A0302913C260004AE5B5 /* AppDelegate.swift */,
				BE15A0322913C260004AE5B5 /* SceneDelegate.swift */,
			);
			path = APP;
			sourceTree = "<group>";
		};
		BE15A0452913C414004AE5B5 /* Sources */ = {
			isa = PBXGroup;
			children = (
				BE15A0442913C407004AE5B5 /* APP */,
				BE15A0492913C463004AE5B5 /* NetworkLayer */,
				BE15A04A2913C682004AE5B5 /* BusinessLayer */,
				BE15A0472913C448004AE5B5 /* Modules */,
				BE15A0482913C458004AE5B5 /* Extensions */,
			);
			path = Sources;
			sourceTree = "<group>";
		};
		BE15A0462913C427004AE5B5 /* Resources */ = {
			isa = PBXGroup;
			children = (
				BE15A0392913C26C004AE5B5 /* Assets.xcassets */,
				BE15A03E2913C26C004AE5B5 /* Info.plist */,
			);
			path = Resources;
			sourceTree = "<group>";
		};
		BE15A0472913C448004AE5B5 /* Modules */ = {
			isa = PBXGroup;
			children = (
				BE15A05D2914EB56004AE5B5 /* DetailViewModule */,
				BE15A04B2914E84F004AE5B5 /* CharactersModule */,
			);
			path = Modules;
			sourceTree = "<group>";
		};
		BE15A0482913C458004AE5B5 /* Extensions */ = {
			isa = PBXGroup;
			children = (
				BE15A06329164A0B004AE5B5 /* String + MD5.swift */,
			);
			path = Extensions;
			sourceTree = "<group>";
		};
		BE15A0492913C463004AE5B5 /* NetworkLayer */ = {
			isa = PBXGroup;
			children = (
				BE15A061291644CE004AE5B5 /* NetworkService.swift */,
				BE15A06C2917D175004AE5B5 /* URLConfiguration.swift */,
			);
			path = NetworkLayer;
			sourceTree = "<group>";
		};
		BE15A04A2913C682004AE5B5 /* BusinessLayer */ = {
			isa = PBXGroup;
			children = (
				BE15A05A2914EB29004AE5B5 /* ModuleBuilder */,
				BE15A0512914E954004AE5B5 /* Models */,
			);
			path = BusinessLayer;
			sourceTree = "<group>";
		};
		BE15A04B2914E84F004AE5B5 /* CharactersModule */ = {
			isa = PBXGroup;
			children = (
				BE15A0562914E9B9004AE5B5 /* View */,
				BE15A0592914E9CF004AE5B5 /* Presenter */,
			);
			path = CharactersModule;
			sourceTree = "<group>";
		};
		BE15A04D2914E88E004AE5B5 /* Cell */ = {
			isa = PBXGroup;
			children = (
				BE15A0542914E9B0004AE5B5 /* CharactersTableViewCell.swift */,
			);
			path = Cell;
			sourceTree = "<group>";
		};
		BE15A0502914E918004AE5B5 /* CharactersModel */ = {
			isa = PBXGroup;
			children = (
				BE15A0522914E988004AE5B5 /* CharactersModel.swift */,
			);
			path = CharactersModel;
			sourceTree = "<group>";
		};
		BE15A0512914E954004AE5B5 /* Models */ = {
			isa = PBXGroup;
			children = (
				BE15A0682917D09E004AE5B5 /* API Keys */,
				BE15A06529179BD7004AE5B5 /* Enum */,
				BE15A0502914E918004AE5B5 /* CharactersModel */,
			);
			path = Models;
			sourceTree = "<group>";
		};
		BE15A0562914E9B9004AE5B5 /* View */ = {
			isa = PBXGroup;
			children = (
				BE15A04D2914E88E004AE5B5 /* Cell */,
				BE15A0342913C260004AE5B5 /* CharactersViewController.swift */,
				BE15A0572914E9C9004AE5B5 /* CharactersView.swift */,
			);
			path = View;
			sourceTree = "<group>";
		};
		BE15A0592914E9CF004AE5B5 /* Presenter */ = {
			isa = PBXGroup;
			children = (
				BE15A04E2914E8F6004AE5B5 /* CharactersPresenter.swift */,
			);
			path = Presenter;
			sourceTree = "<group>";
		};
		BE15A05A2914EB29004AE5B5 /* ModuleBuilder */ = {
			isa = PBXGroup;
			children = (
				BE15A05B2914EB41004AE5B5 /* ModuleBuilder.swift */,
			);
			path = ModuleBuilder;
			sourceTree = "<group>";
		};
		BE15A05D2914EB56004AE5B5 /* DetailViewModule */ = {
			isa = PBXGroup;
			children = (
			);
			path = DetailViewModule;
			sourceTree = "<group>";
		};
		BE15A06529179BD7004AE5B5 /* Enum */ = {
			isa = PBXGroup;
			children = (
				BE15A06629179BF5004AE5B5 /* EnumForState.swift */,
				BE15A06E2917D41E004AE5B5 /* EnumForImage.swift */,
			);
			path = Enum;
			sourceTree = "<group>";
		};
		BE15A0682917D09E004AE5B5 /* API Keys */ = {
			isa = PBXGroup;
			children = (
				BE15A06A2917D0CF004AE5B5 /* ApiKeys.swift */,
			);
			path = "API Keys";
			sourceTree = "<group>";
		};
/* End PBXGroup section */

/* Begin PBXNativeTarget section */
		BE15A02C2913C260004AE5B5 /* HW21 - Marvel */ = {
			isa = PBXNativeTarget;
			buildConfigurationList = BE15A0412913C26C004AE5B5 /* Build configuration list for PBXNativeTarget "HW21 - Marvel" */;
			buildPhases = (
				BE15A0292913C260004AE5B5 /* Sources */,
				BE15A02A2913C260004AE5B5 /* Frameworks */,
				BE15A02B2913C260004AE5B5 /* Resources */,
			);
			buildRules = (
			);
			dependencies = (
			);
			name = "HW21 - Marvel";
			packageProductDependencies = (
				BE15A05F2914F57C004AE5B5 /* SnapKit */,
			);
			productName = "HW21 - Marvel";
			productReference = BE15A02D2913C260004AE5B5 /* HW21 - Marvel.app */;
			productType = "com.apple.product-type.application";
		};
/* End PBXNativeTarget section */

/* Begin PBXProject section */
		BE15A0252913C260004AE5B5 /* Project object */ = {
			isa = PBXProject;
			attributes = {
				BuildIndependentTargetsInParallel = 1;
				LastSwiftUpdateCheck = 1320;
				LastUpgradeCheck = 1320;
				TargetAttributes = {
					BE15A02C2913C260004AE5B5 = {
						CreatedOnToolsVersion = 13.2.1;
					};
				};
			};
			buildConfigurationList = BE15A0282913C260004AE5B5 /* Build configuration list for PBXProject "HW21 - Marvel" */;
			compatibilityVersion = "Xcode 13.0";
			developmentRegion = en;
			hasScannedForEncodings = 0;
			knownRegions = (
				en,
				Base,
			);
			mainGroup = BE15A0242913C260004AE5B5;
			packageReferences = (
				BE15A05E2914F57C004AE5B5 /* XCRemoteSwiftPackageReference "SnapKit" */,
			);
			productRefGroup = BE15A02E2913C260004AE5B5 /* Products */;
			projectDirPath = "";
			projectRoot = "";
			targets = (
				BE15A02C2913C260004AE5B5 /* HW21 - Marvel */,
			);
		};
/* End PBXProject section */

/* Begin PBXResourcesBuildPhase section */
		BE15A02B2913C260004AE5B5 /* Resources */ = {
			isa = PBXResourcesBuildPhase;
			buildActionMask = 2147483647;
			files = (
				BE15A03A2913C26C004AE5B5 /* Assets.xcassets in Resources */,
			);
			runOnlyForDeploymentPostprocessing = 0;
		};
/* End PBXResourcesBuildPhase section */

/* Begin PBXSourcesBuildPhase section */
		BE15A0292913C260004AE5B5 /* Sources */ = {
			isa = PBXSourcesBuildPhase;
			buildActionMask = 2147483647;
			files = (
				BE15A04F2914E8F6004AE5B5 /* CharactersPresenter.swift in Sources */,
				BE15A0352913C260004AE5B5 /* CharactersViewController.swift in Sources */,
				BE15A06B2917D0CF004AE5B5 /* ApiKeys.swift in Sources */,
				BE15A0312913C260004AE5B5 /* AppDelegate.swift in Sources */,
				BE15A05C2914EB41004AE5B5 /* ModuleBuilder.swift in Sources */,
				BE15A06D2917D175004AE5B5 /* URLConfiguration.swift in Sources */,
				BE15A062291644CE004AE5B5 /* NetworkService.swift in Sources */,
				BE15A06429164A0B004AE5B5 /* String + MD5.swift in Sources */,
				BE15A0552914E9B0004AE5B5 /* CharactersTableViewCell.swift in Sources */,
				BE15A0532914E988004AE5B5 /* CharactersModel.swift in Sources */,
				BE15A06729179BF6004AE5B5 /* EnumForState.swift in Sources */,
				BE15A0582914E9C9004AE5B5 /* CharactersView.swift in Sources */,
				BE15A06F2917D41E004AE5B5 /* EnumForImage.swift in Sources */,
				BE15A0332913C260004AE5B5 /* SceneDelegate.swift in Sources */,
			);
			runOnlyForDeploymentPostprocessing = 0;
		};
/* End PBXSourcesBuildPhase section */

/* Begin XCBuildConfiguration section */
		BE15A03F2913C26C004AE5B5 /* Debug */ = {
			isa = XCBuildConfiguration;
			buildSettings = {
				ALWAYS_SEARCH_USER_PATHS = NO;
				CLANG_ANALYZER_NONNULL = YES;
				CLANG_ANALYZER_NUMBER_OBJECT_CONVERSION = YES_AGGRESSIVE;
				CLANG_CXX_LANGUAGE_STANDARD = "gnu++17";
				CLANG_CXX_LIBRARY = "libc++";
				CLANG_ENABLE_MODULES = YES;
				CLANG_ENABLE_OBJC_ARC = YES;
				CLANG_ENABLE_OBJC_WEAK = YES;
				CLANG_WARN_BLOCK_CAPTURE_AUTORELEASING = YES;
				CLANG_WARN_BOOL_CONVERSION = YES;
				CLANG_WARN_COMMA = YES;
				CLANG_WARN_CONSTANT_CONVERSION = YES;
				CLANG_WARN_DEPRECATED_OBJC_IMPLEMENTATIONS = YES;
				CLANG_WARN_DIRECT_OBJC_ISA_USAGE = YES_ERROR;
				CLANG_WARN_DOCUMENTATION_COMMENTS = YES;
				CLANG_WARN_EMPTY_BODY = YES;
				CLANG_WARN_ENUM_CONVERSION = YES;
				CLANG_WARN_INFINITE_RECURSION = YES;
				CLANG_WARN_INT_CONVERSION = YES;
				CLANG_WARN_NON_LITERAL_NULL_CONVERSION = YES;
				CLANG_WARN_OBJC_IMPLICIT_RETAIN_SELF = YES;
				CLANG_WARN_OBJC_LITERAL_CONVERSION = YES;
				CLANG_WARN_OBJC_ROOT_CLASS = YES_ERROR;
				CLANG_WARN_QUOTED_INCLUDE_IN_FRAMEWORK_HEADER = YES;
				CLANG_WARN_RANGE_LOOP_ANALYSIS = YES;
				CLANG_WARN_STRICT_PROTOTYPES = YES;
				CLANG_WARN_SUSPICIOUS_MOVE = YES;
				CLANG_WARN_UNGUARDED_AVAILABILITY = YES_AGGRESSIVE;
				CLANG_WARN_UNREACHABLE_CODE = YES;
				CLANG_WARN__DUPLICATE_METHOD_MATCH = YES;
				COPY_PHASE_STRIP = NO;
				DEBUG_INFORMATION_FORMAT = dwarf;
				ENABLE_STRICT_OBJC_MSGSEND = YES;
				ENABLE_TESTABILITY = YES;
				GCC_C_LANGUAGE_STANDARD = gnu11;
				GCC_DYNAMIC_NO_PIC = NO;
				GCC_NO_COMMON_BLOCKS = YES;
				GCC_OPTIMIZATION_LEVEL = 0;
				GCC_PREPROCESSOR_DEFINITIONS = (
					"DEBUG=1",
					"$(inherited)",
				);
				GCC_WARN_64_TO_32_BIT_CONVERSION = YES;
				GCC_WARN_ABOUT_RETURN_TYPE = YES_ERROR;
				GCC_WARN_UNDECLARED_SELECTOR = YES;
				GCC_WARN_UNINITIALIZED_AUTOS = YES_AGGRESSIVE;
				GCC_WARN_UNUSED_FUNCTION = YES;
				GCC_WARN_UNUSED_VARIABLE = YES;
				IPHONEOS_DEPLOYMENT_TARGET = 15.2;
				MTL_ENABLE_DEBUG_INFO = INCLUDE_SOURCE;
				MTL_FAST_MATH = YES;
				ONLY_ACTIVE_ARCH = YES;
				SDKROOT = iphoneos;
				SWIFT_ACTIVE_COMPILATION_CONDITIONS = DEBUG;
				SWIFT_OPTIMIZATION_LEVEL = "-Onone";
			};
			name = Debug;
		};
		BE15A0402913C26C004AE5B5 /* Release */ = {
			isa = XCBuildConfiguration;
			buildSettings = {
				ALWAYS_SEARCH_USER_PATHS = NO;
				CLANG_ANALYZER_NONNULL = YES;
				CLANG_ANALYZER_NUMBER_OBJECT_CONVERSION = YES_AGGRESSIVE;
				CLANG_CXX_LANGUAGE_STANDARD = "gnu++17";
				CLANG_CXX_LIBRARY = "libc++";
				CLANG_ENABLE_MODULES = YES;
				CLANG_ENABLE_OBJC_ARC = YES;
				CLANG_ENABLE_OBJC_WEAK = YES;
				CLANG_WARN_BLOCK_CAPTURE_AUTORELEASING = YES;
				CLANG_WARN_BOOL_CONVERSION = YES;
				CLANG_WARN_COMMA = YES;
				CLANG_WARN_CONSTANT_CONVERSION = YES;
				CLANG_WARN_DEPRECATED_OBJC_IMPLEMENTATIONS = YES;
				CLANG_WARN_DIRECT_OBJC_ISA_USAGE = YES_ERROR;
				CLANG_WARN_DOCUMENTATION_COMMENTS = YES;
				CLANG_WARN_EMPTY_BODY = YES;
				CLANG_WARN_ENUM_CONVERSION = YES;
				CLANG_WARN_INFINITE_RECURSION = YES;
				CLANG_WARN_INT_CONVERSION = YES;
				CLANG_WARN_NON_LITERAL_NULL_CONVERSION = YES;
				CLANG_WARN_OBJC_IMPLICIT_RETAIN_SELF = YES;
				CLANG_WARN_OBJC_LITERAL_CONVERSION = YES;
				CLANG_WARN_OBJC_ROOT_CLASS = YES_ERROR;
				CLANG_WARN_QUOTED_INCLUDE_IN_FRAMEWORK_HEADER = YES;
				CLANG_WARN_RANGE_LOOP_ANALYSIS = YES;
				CLANG_WARN_STRICT_PROTOTYPES = YES;
				CLANG_WARN_SUSPICIOUS_MOVE = YES;
				CLANG_WARN_UNGUARDED_AVAILABILITY = YES_AGGRESSIVE;
				CLANG_WARN_UNREACHABLE_CODE = YES;
				CLANG_WARN__DUPLICATE_METHOD_MATCH = YES;
				COPY_PHASE_STRIP = NO;
				DEBUG_INFORMATION_FORMAT = "dwarf-with-dsym";
				ENABLE_NS_ASSERTIONS = NO;
				ENABLE_STRICT_OBJC_MSGSEND = YES;
				GCC_C_LANGUAGE_STANDARD = gnu11;
				GCC_NO_COMMON_BLOCKS = YES;
				GCC_WARN_64_TO_32_BIT_CONVERSION = YES;
				GCC_WARN_ABOUT_RETURN_TYPE = YES_ERROR;
				GCC_WARN_UNDECLARED_SELECTOR = YES;
				GCC_WARN_UNINITIALIZED_AUTOS = YES_AGGRESSIVE;
				GCC_WARN_UNUSED_FUNCTION = YES;
				GCC_WARN_UNUSED_VARIABLE = YES;
				IPHONEOS_DEPLOYMENT_TARGET = 15.2;
				MTL_ENABLE_DEBUG_INFO = NO;
				MTL_FAST_MATH = YES;
				SDKROOT = iphoneos;
				SWIFT_COMPILATION_MODE = wholemodule;
				SWIFT_OPTIMIZATION_LEVEL = "-O";
				VALIDATE_PRODUCT = YES;
			};
			name = Release;
		};
		BE15A0422913C26C004AE5B5 /* Debug */ = {
			isa = XCBuildConfiguration;
			buildSettings = {
				ASSETCATALOG_COMPILER_APPICON_NAME = AppIcon;
				ASSETCATALOG_COMPILER_GLOBAL_ACCENT_COLOR_NAME = AccentColor;
				CODE_SIGN_STYLE = Automatic;
				CURRENT_PROJECT_VERSION = 1;
				DEVELOPMENT_TEAM = 65ZD43WNWU;
				GENERATE_INFOPLIST_FILE = YES;
				INFOPLIST_FILE = "HW21 - Marvel/Resources/Info.plist";
				INFOPLIST_KEY_UIApplicationSupportsIndirectInputEvents = YES;
				INFOPLIST_KEY_UILaunchStoryboardName = LaunchScreen;
				INFOPLIST_KEY_UISupportedInterfaceOrientations_iPad = "UIInterfaceOrientationPortrait UIInterfaceOrientationPortraitUpsideDown UIInterfaceOrientationLandscapeLeft UIInterfaceOrientationLandscapeRight";
				INFOPLIST_KEY_UISupportedInterfaceOrientations_iPhone = "UIInterfaceOrientationPortrait UIInterfaceOrientationLandscapeLeft UIInterfaceOrientationLandscapeRight";
				LD_RUNPATH_SEARCH_PATHS = (
					"$(inherited)",
					"@executable_path/Frameworks",
				);
				MARKETING_VERSION = 1.0;
				PRODUCT_BUNDLE_IDENTIFIER = "viktorBasiev.HW21---Marvel";
				PRODUCT_NAME = "$(TARGET_NAME)";
				SWIFT_EMIT_LOC_STRINGS = YES;
				SWIFT_VERSION = 5.0;
				TARGETED_DEVICE_FAMILY = "1,2";
			};
			name = Debug;
		};
		BE15A0432913C26C004AE5B5 /* Release */ = {
			isa = XCBuildConfiguration;
			buildSettings = {
				ASSETCATALOG_COMPILER_APPICON_NAME = AppIcon;
				ASSETCATALOG_COMPILER_GLOBAL_ACCENT_COLOR_NAME = AccentColor;
				CODE_SIGN_STYLE = Automatic;
				CURRENT_PROJECT_VERSION = 1;
				DEVELOPMENT_TEAM = 65ZD43WNWU;
				GENERATE_INFOPLIST_FILE = YES;
				INFOPLIST_FILE = "HW21 - Marvel/Resources/Info.plist";
				INFOPLIST_KEY_UIApplicationSupportsIndirectInputEvents = YES;
				INFOPLIST_KEY_UILaunchStoryboardName = LaunchScreen;
				INFOPLIST_KEY_UISupportedInterfaceOrientations_iPad = "UIInterfaceOrientationPortrait UIInterfaceOrientationPortraitUpsideDown UIInterfaceOrientationLandscapeLeft UIInterfaceOrientationLandscapeRight";
				INFOPLIST_KEY_UISupportedInterfaceOrientations_iPhone = "UIInterfaceOrientationPortrait UIInterfaceOrientationLandscapeLeft UIInterfaceOrientationLandscapeRight";
				LD_RUNPATH_SEARCH_PATHS = (
					"$(inherited)",
					"@executable_path/Frameworks",
				);
				MARKETING_VERSION = 1.0;
				PRODUCT_BUNDLE_IDENTIFIER = "viktorBasiev.HW21---Marvel";
				PRODUCT_NAME = "$(TARGET_NAME)";
				SWIFT_EMIT_LOC_STRINGS = YES;
				SWIFT_VERSION = 5.0;
				TARGETED_DEVICE_FAMILY = "1,2";
			};
			name = Release;
		};
/* End XCBuildConfiguration section */

/* Begin XCConfigurationList section */
		BE15A0282913C260004AE5B5 /* Build configuration list for PBXProject "HW21 - Marvel" */ = {
			isa = XCConfigurationList;
			buildConfigurations = (
				BE15A03F2913C26C004AE5B5 /* Debug */,
				BE15A0402913C26C004AE5B5 /* Release */,
			);
			defaultConfigurationIsVisible = 0;
			defaultConfigurationName = Release;
		};
		BE15A0412913C26C004AE5B5 /* Build configuration list for PBXNativeTarget "HW21 - Marvel" */ = {
			isa = XCConfigurationList;
			buildConfigurations = (
				BE15A0422913C26C004AE5B5 /* Debug */,
				BE15A0432913C26C004AE5B5 /* Release */,
			);
			defaultConfigurationIsVisible = 0;
			defaultConfigurationName = Release;
		};
/* End XCConfigurationList section */

/* Begin XCRemoteSwiftPackageReference section */
		BE15A05E2914F57C004AE5B5 /* XCRemoteSwiftPackageReference "SnapKit" */ = {
			isa = XCRemoteSwiftPackageReference;
			repositoryURL = "https://github.com/SnapKit/SnapKit.git";
			requirement = {
				branch = develop;
				kind = branch;
			};
		};
/* End XCRemoteSwiftPackageReference section */

/* Begin XCSwiftPackageProductDependency section */
		BE15A05F2914F57C004AE5B5 /* SnapKit */ = {
			isa = XCSwiftPackageProductDependency;
			package = BE15A05E2914F57C004AE5B5 /* XCRemoteSwiftPackageReference "SnapKit" */;
			productName = SnapKit;
		};
/* End XCSwiftPackageProductDependency section */
	};
	rootObject = BE15A0252913C260004AE5B5 /* Project object */;
}
